# This file is autogenerated, do not edit; changes may be undone by the next 'dep ensure'.


[[projects]]
  branch = "master"
  name = "github.com/faiface/glhf"
  packages = ["."]
  revision = "82a6317ac380cdc61567d729fe48833d75b8108e"

[[projects]]
  branch = "master"
  name = "github.com/faiface/mainthread"
  packages = ["."]
  revision = "8b78f0a41ae388189090ac4506612659fa53082b"

[[projects]]
  name = "github.com/faiface/pixel"
  packages = [
    ".",
    "pixelgl"
  ]
  revision = "0c2d627cfa32f437abe22d6a6ee1de7d102c0264"
  version = "v0.8.0"

[[projects]]
  branch = "master"
  name = "github.com/go-gl/gl"
  packages = ["v3.3-core/gl"]
  revision = "55b76b7df9d25d70b63e31a767f47158292b85d8"

[[projects]]
  branch = "master"
  name = "github.com/go-gl/glfw"
  packages = ["v3.2/glfw"]
  revision = "691ee1b84c51ae625ed1aafebc915d3db3d63d66"

[[projects]]
  branch = "master"
  name = "github.com/go-gl/mathgl"
  packages = ["mgl32"]
  revision = "cdf14b6b8f8a4a1bfb003dd5119205c5f711d85a"

[[projects]]
  name = "github.com/pkg/errors"
  packages = ["."]
  revision = "645ef00459ed84a119197bfb8d8205042c6df63d"
  version = "v0.8.0"

[[projects]]
  branch = "master"
  name = "golang.org/x/image"
  packages = [
    "colornames",
    "math/f32"
  ]
  revision = "69cc3646b96e61de0b417f4815b86c36e65783ee"

[[projects]]
  branch = "master"
  name = "golang.org/x/net"
  packages = [
    "html",
    "html/atom"
  ]
  revision = "c44066c5c816ec500d459a2a324a753f78531ae0"

[solve-meta]
  analyzer-name = "dep"
  analyzer-version = 1
  inputs-digest = "79ccfbbefb8e58c7b103f2b2d20358183cf487d68ddde8fa3a329b66177483ab"
  solver-name = "gps-cdcl"
  solver-version = 1
